
Microsoft Visual Studio Solution File, Format Version 12.00
# Visual Studio Version 18
VisualStudioVersion = 18.5.11709.299
MinimumVisualStudioVersion = 10.0.40219.1
Project("{FAE04EC0-301F-11D3-BF4B-00C04F79EFBC}") = "FlociDashboard", "FlociDashboard.csproj", "{95999489-5EAF-FFE0-599B-443A3FB682C8}"
EndProject
Project("{FAE04EC0-301F-11D3-BF4B-00C04F79EFBC}") = "FlociDashboard.Tests", "..\tests\FlociDashboard.Tests\FlociDashboard.Tests.csproj", "{86B7F7E0-D9A0-476E-8446-8D327B4D9919}"
EndProject
Project("{2150E333-8FDC-42A3-9474-1A3956D46DE8}") = "Solution Items", "Solution Items", "{C55912F3-B582-4204-BF5B-87CCC1E59767}"
	ProjectSection(SolutionItems) = preProject
		..\.github\workflows\ci.yml = ..\.github\workflows\ci.yml
	EndProjectSection
EndProject
Global
	GlobalSection(SolutionConfigurationPlatforms) = preSolution
		Debug|Any CPU = Debug|Any CPU
		Debug|x64 = Debug|x64
		Debug|x86 = Debug|x86
		Release|Any CPU = Release|Any CPU
		Release|x64 = Release|x64
		Release|x86 = Release|x86
	EndGlobalSection
	GlobalSection(ProjectConfigurationPlatforms) = postSolution
		{95999489-5EAF-FFE0-599B-443A3FB682C8}.Debug|Any CPU.ActiveCfg = Debug|Any CPU
		{95999489-5EAF-FFE0-599B-443A3FB682C8}.Debug|Any CPU.Build.0 = Debug|Any CPU
		{95999489-5EAF-FFE0-599B-443A3FB682C8}.Debug|x64.ActiveCfg = Debug|Any CPU
		{95999489-5EAF-FFE0-599B-443A3FB682C8}.Debug|x64.Build.0 = Debug|Any CPU
		{95999489-5EAF-FFE0-599B-443A3FB682C8}.Debug|x86.ActiveCfg = Debug|Any CPU
		{95999489-5EAF-FFE0-599B-443A3FB682C8}.Debug|x86.Build.0 = Debug|Any CPU
		{95999489-5EAF-FFE0-599B-443A3FB682C8}.Release|Any CPU.ActiveCfg = Release|Any CPU
		{95999489-5EAF-FFE0-599B-443A3FB682C8}.Release|Any CPU.Build.0 = Release|Any CPU
		{95999489-5EAF-FFE0-599B-443A3FB682C8}.Release|x64.ActiveCfg = Release|Any CPU
		{95999489-5EAF-FFE0-599B-443A3FB682C8}.Release|x64.Build.0 = Release|Any CPU
		{95999489-5EAF-FFE0-599B-443A3FB682C8}.Release|x86.ActiveCfg = Release|Any CPU
		{95999489-5EAF-FFE0-599B-443A3FB682C8}.Release|x86.Build.0 = Release|Any CPU
		{86B7F7E0-D9A0-476E-8446-8D327B4D9919}.Debug|Any CPU.ActiveCfg = Debug|Any CPU
		{86B7F7E0-D9A0-476E-8446-8D327B4D9919}.Debug|Any CPU.Build.0 = Debug|Any CPU
		{86B7F7E0-D9A0-476E-8446-8D327B4D9919}.Debug|x64.ActiveCfg = Debug|Any CPU
		{86B7F7E0-D9A0-476E-8446-8D327B4D9919}.Debug|x64.Build.0 = Debug|Any CPU
		{86B7F7E0-D9A0-476E-8446-8D327B4D9919}.Debug|x86.ActiveCfg = Debug|Any CPU
		{86B7F7E0-D9A0-476E-8446-8D327B4D9919}.Debug|x86.Build.0 = Debug|Any CPU
		{86B7F7E0-D9A0-476E-8446-8D327B4D9919}.Release|Any CPU.ActiveCfg = Release|Any CPU
		{86B7F7E0-D9A0-476E-8446-8D327B4D9919}.Release|Any CPU.Build.0 = Release|Any CPU
		{86B7F7E0-D9A0-476E-8446-8D327B4D9919}.Release|x64.ActiveCfg = Release|Any CPU
		{86B7F7E0-D9A0-476E-8446-8D327B4D9919}.Release|x64.Build.0 = Release|Any CPU
		{86B7F7E0-D9A0-476E-8446-8D327B4D9919}.Release|x86.ActiveCfg = Release|Any CPU
		{86B7F7E0-D9A0-476E-8446-8D327B4D9919}.Release|x86.Build.0 = Release|Any CPU
	EndGlobalSection
	GlobalSection(SolutionProperties) = preSolution
		HideSolutionNode = FALSE
	EndGlobalSection
	GlobalSection(ExtensibilityGlobals) = postSolution
		SolutionGuid = {2D223ABD-E1C7-4730-9005-030D9C1FFBCF}
	EndGlobalSection
EndGlobal
